
Microsoft Visual Studio Solution File, Format Version 12.00
# Visual Studio Version 16
VisualStudioVersion = 16.0.31321.278
MinimumVisualStudioVersion = 10.0.40219.1
Project("{8BC9CEB8-8B4A-11D0-8D11-00A0C91BC942}") = "2009", "2009\2009.vcxproj", "{541F64FB-9A45-40AF-AB91-4B757805A173}"
EndProject
Global
	GlobalSection(SolutionConfigurationPlatforms) = preSolution
		Debug|x64 = Debug|x64
		Debug|x86 = Debug|x86
		Release|x64 = Release|x64
		Release|x86 = Release|x86
	EndGlobalSection
	GlobalSection(ProjectConfigurationPlatforms) = postSolution
		{541F64FB-9A45-40AF-AB91-4B757805A173}.Debug|x64.ActiveCfg = Debug|x64
		{541F64FB-9A45-40AF-AB91-4B757805A173}.Debug|x64.Build.0 = Debug|x64
		{541F64FB-9A45-40AF-AB91-4B757805A173}.Debug|x86.ActiveCfg = Debug|Win32
		{541F64FB-9A45-40AF-AB91-4B757805A173}.Debug|x86.Build.0 = Debug|Win32
		{541F64FB-9A45-40AF-AB91-4B757805A173}.Release|x64.ActiveCfg = Release|x64
		{541F64FB-9A45-40AF-AB91-4B757805A173}.Release|x64.Build.0 = Release|x64
		{541F64FB-9A45-40AF-AB91-4B757805A173}.Release|x86.ActiveCfg = Release|Win32
		{541F64FB-9A45-40AF-AB91-4B757805A173}.Release|x86.Build.0 = Release|Win32
	EndGlobalSection
	GlobalSection(SolutionProperties) = preSolution
		HideSolutionNode = FALSE
	EndGlobalSection
	GlobalSection(ExtensibilityGlobals) = postSolution
		SolutionGuid = {014A14CB-CEAE-4D34-819B-094DE1BF9712}
	EndGlobalSection
EndGlobal
